{
  "name": "Summary",
  "lockfileVersion": 2,
  "requires": true,
  "packages": {
    "": {
      "dependencies": {
        "mobx": "^6.6.0",
        "mobx-react-lite": "^3.4.0"
      }
    },
    "node_modules/js-tokens": {
      "version": "4.0.0",
      "resolved": "https://registry.npmjs.org/js-tokens/-/js-tokens-4.0.0.tgz",
      "integrity": "sha512-RdJUflcE3cUzKiMqQgsCu06FPu9UdIJO0beYbPhHN4k6apgJtifcoCtT9bcxOpYBtpD2kCM6Sbzg4CausW/PKQ==",
      "peer": true
    },
    "node_modules/loose-envify": {
      "version": "1.4.0",
      "resolved": "https://registry.npmjs.org/loose-envify/-/loose-envify-1.4.0.tgz",
      "integrity": "sha512-lyuxPGr/Wfhrlem2CL/UcnUc1zcqKAImBDzukY7Y5F/yQiNdko6+fRLevlw1HgMySw7f611UIY408EtxRSoK3Q==",
      "peer": true,
      "dependencies": {
        "js-tokens": "^3.0.0 || ^4.0.0"
      },
      "bin": {
        "loose-envify": "cli.js"
      }
    },
    "node_modules/mobx": {
      "version": "6.6.0",
      "resolved": "https://registry.npmjs.org/mobx/-/mobx-6.6.0.tgz",
      "integrity": "sha512-MNTKevLH/6DShLZcmSL351+JgiJPO56A4GUpoiDQ3/yZ0mAtclNLdHK9q4BcQhibx8/JSDupfTpbX2NZPemlRg==",
      "funding": {
        "type": "opencollective",
        "url": "https://opencollective.com/mobx"
      }
    },
    "node_modules/mobx-react-lite": {
      "version": "3.4.0",
      "resolved": "https://registry.npmjs.org/mobx-react-lite/-/mobx-react-lite-3.4.0.tgz",
      "integrity": "sha512-bRuZp3C0itgLKHu/VNxi66DN/XVkQG7xtoBVWxpvC5FhAqbOCP21+nPhULjnzEqd7xBMybp6KwytdUpZKEgpIQ==",
      "funding": {
        "type": "opencollective",
        "url": "https://opencollective.com/mobx"
      },
      "peerDependencies": {
        "mobx": "^6.1.0",
        "react": "^16.8.0 || ^17 || ^18"
      },
      "peerDependenciesMeta": {
        "react-dom": {
          "optional": true
        },
        "react-native": {
          "optional": true
        }
      }
    },
    "node_modules/react": {
      "version": "18.1.0",
      "resolved": "https://registry.npmjs.org/react/-/react-18.1.0.tgz",
      "integrity": "sha512-4oL8ivCz5ZEPyclFQXaNksK3adutVS8l2xzZU0cqEFrE9Sb7fC0EFK5uEk74wIreL1DERyjvsU915j1pcT2uEQ==",
      "peer": true,
      "dependencies": {
        "loose-envify": "^1.1.0"
      },
      "engines": {
        "node": ">=0.10.0"
      }
    }
  },
  "dependencies": {
    "js-tokens": {
      "version": "4.0.0",
      "resolved": "https://registry.npmjs.org/js-tokens/-/js-tokens-4.0.0.tgz",
      "integrity": "sha512-RdJUflcE3cUzKiMqQgsCu06FPu9UdIJO0beYbPhHN4k6apgJtifcoCtT9bcxOpYBtpD2kCM6Sbzg4CausW/PKQ==",
      "peer": true
    },
    "loose-envify": {
      "version": "1.4.0",
      "resolved": "https://registry.npmjs.org/loose-envify/-/loose-envify-1.4.0.tgz",
      "integrity": "sha512-lyuxPGr/Wfhrlem2CL/UcnUc1zcqKAImBDzukY7Y5F/yQiNdko6+fRLevlw1HgMySw7f611UIY408EtxRSoK3Q==",
      "peer": true,
      "requires": {
        "js-tokens": "^3.0.0 || ^4.0.0"
      }
    },
    "mobx": {
      "version": "6.6.0",
      "resolved": "https://registry.npmjs.org/mobx/-/mobx-6.6.0.tgz",
      "integrity": "sha512-MNTKevLH/6DShLZcmSL351+JgiJPO56A4GUpoiDQ3/yZ0mAtclNLdHK9q4BcQhibx8/JSDupfTpbX2NZPemlRg=="
    },
    "mobx-react-lite": {
      "version": "3.4.0",
      "resolved": "https://registry.npmjs.org/mobx-react-lite/-/mobx-react-lite-3.4.0.tgz",
      "integrity": "sha512-bRuZp3C0itgLKHu/VNxi66DN/XVkQG7xtoBVWxpvC5FhAqbOCP21+nPhULjnzEqd7xBMybp6KwytdUpZKEgpIQ==",
      "requires": {}
    },
    "react": {
      "version": "18.1.0",
      "resolved": "https://registry.npmjs.org/react/-/react-18.1.0.tgz",
      "integrity": "sha512-4oL8ivCz5ZEPyclFQXaNksK3adutVS8l2xzZU0cqEFrE9Sb7fC0EFK5uEk74wIreL1DERyjvsU915j1pcT2uEQ==",
      "peer": true,
      "requires": {
        "loose-envify": "^1.1.0"
      }
    }
  }
}
